{
  "name": "mp-html-demo",
  "version": "1.0.0",
  "lockfileVersion": 1,
  "requires": true,
  "dependencies": {
    "mp-html": {
      "version": "2.2.1",
      "resolved": "https://registry.npmjs.org/mp-html/-/mp-html-2.2.1.tgz",
      "integrity": "sha512-uBnC7yBz0/N411XMWK7CKF7mAAj0Nh40KrEMVzKZgrk+ZUCJRJZZUI2HeTHJur5os9jQTCq2X8w9UrYcUF7MNA=="
    }
  }
}
